
Microsoft Visual Studio Solution File, Format Version 12.00
# Visual Studio Version 17
VisualStudioVersion = 17.14.37614.0 d17.14
MinimumVisualStudioVersion = 10.0.40219.1
Project("{FAE04EC0-301F-11D3-BF4B-00C04F79EFBC}") = "Ex_02", "Ex_02\Ex_02.csproj", "{9ABD283D-3713-44EE-897C-F9C7AC9973ED}"
EndProject
Global
	GlobalSection(SolutionConfigurationPlatforms) = preSolution
		Debug|Any CPU = Debug|Any CPU
		Release|Any CPU = Release|Any CPU
	EndGlobalSection
	GlobalSection(ProjectConfigurationPlatforms) = postSolution
		{9ABD283D-3713-44EE-897C-F9C7AC9973ED}.Debug|Any CPU.ActiveCfg = Debug|Any CPU
		{9ABD283D-3713-44EE-897C-F9C7AC9973ED}.Debug|Any CPU.Build.0 = Debug|Any CPU
		{9ABD283D-3713-44EE-897C-F9C7AC9973ED}.Release|Any CPU.ActiveCfg = Release|Any CPU
		{9ABD283D-3713-44EE-897C-F9C7AC9973ED}.Release|Any CPU.Build.0 = Release|Any CPU
	EndGlobalSection
	GlobalSection(SolutionProperties) = preSolution
		HideSolutionNode = FALSE
	EndGlobalSection
	GlobalSection(ExtensibilityGlobals) = postSolution
		SolutionGuid = {AE355D12-13B3-4C90-84A1-FFCA502B01B4}
	EndGlobalSection
EndGlobal
